
Microsoft Visual Studio Solution File, Format Version 12.00
# Visual Studio Version 16
VisualStudioVersion = 16.0.30611.23
MinimumVisualStudioVersion = 10.0.40219.1
Project("{FAE04EC0-301F-11D3-BF4B-00C04F79EFBC}") = "PrototypePattern", "DesignPatternsExercise\PrototypePattern.csproj", "{EC4AB89E-A2E9-4E1D-A2BB-9CBDC2A56600}"
EndProject
Project("{FAE04EC0-301F-11D3-BF4B-00C04F79EFBC}") = "CompositePattern", "CompositePattern\CompositePattern.csproj", "{8B97F656-3507-49A9-A5F5-927725799B82}"
EndProject
Project("{FAE04EC0-301F-11D3-BF4B-00C04F79EFBC}") = "TemplatePattern", "TemplatePattern\TemplatePattern.csproj", "{92E18075-040D-4D6D-BAEF-E133A5B742D7}"
EndProject
Global
	GlobalSection(SolutionConfigurationPlatforms) = preSolution
		Debug|Any CPU = Debug|Any CPU
		Release|Any CPU = Release|Any CPU
	EndGlobalSection
	GlobalSection(ProjectConfigurationPlatforms) = postSolution
		{EC4AB89E-A2E9-4E1D-A2BB-9CBDC2A56600}.Debug|Any CPU.ActiveCfg = Debug|Any CPU
		{EC4AB89E-A2E9-4E1D-A2BB-9CBDC2A56600}.Debug|Any CPU.Build.0 = Debug|Any CPU
		{EC4AB89E-A2E9-4E1D-A2BB-9CBDC2A56600}.Release|Any CPU.ActiveCfg = Release|Any CPU
		{EC4AB89E-A2E9-4E1D-A2BB-9CBDC2A56600}.Release|Any CPU.Build.0 = Release|Any CPU
		{8B97F656-3507-49A9-A5F5-927725799B82}.Debug|Any CPU.ActiveCfg = Debug|Any CPU
		{8B97F656-3507-49A9-A5F5-927725799B82}.Debug|Any CPU.Build.0 = Debug|Any CPU
		{8B97F656-3507-49A9-A5F5-927725799B82}.Release|Any CPU.ActiveCfg = Release|Any CPU
		{8B97F656-3507-49A9-A5F5-927725799B82}.Release|Any CPU.Build.0 = Release|Any CPU
		{92E18075-040D-4D6D-BAEF-E133A5B742D7}.Debug|Any CPU.ActiveCfg = Debug|Any CPU
		{92E18075-040D-4D6D-BAEF-E133A5B742D7}.Debug|Any CPU.Build.0 = Debug|Any CPU
		{92E18075-040D-4D6D-BAEF-E133A5B742D7}.Release|Any CPU.ActiveCfg = Release|Any CPU
		{92E18075-040D-4D6D-BAEF-E133A5B742D7}.Release|Any CPU.Build.0 = Release|Any CPU
	EndGlobalSection
	GlobalSection(SolutionProperties) = preSolution
		HideSolutionNode = FALSE
	EndGlobalSection
	GlobalSection(ExtensibilityGlobals) = postSolution
		SolutionGuid = {7373A82A-19A0-42BA-BF9B-48B5ADC356CB}
	EndGlobalSection
EndGlobal
